
Microsoft Visual Studio Solution File, Format Version 12.00
Project("{FAE04EC0-301F-11D3-BF4B-00C04F79EFBC}") = "RapidGuestRegistration.Client", "..\RapidGuestRegistration.Client\src\RapidGuestRegistration.Client\RapidGuestRegistration.Client.csproj", "{F6E4BCD9-23ED-40AE-9145-1C3ADD99AF9A}"
EndProject
Project("{FAE04EC0-301F-11D3-BF4B-00C04F79EFBC}") = "RapidGuestRegistration.Ui", "..\RapidGuestRegistration.Ui\RapidGuestRegistration.Ui.csproj", "{FC5C0F5D-6DC6-4C46-94CA-4C616D06BE0B}"
EndProject
Global
	GlobalSection(SolutionConfigurationPlatforms) = preSolution
		Debug|Any CPU = Debug|Any CPU
		Release|Any CPU = Release|Any CPU
	EndGlobalSection
	GlobalSection(ProjectConfigurationPlatforms) = postSolution
		{F6E4BCD9-23ED-40AE-9145-1C3ADD99AF9A}.Debug|Any CPU.ActiveCfg = Debug|Any CPU
		{F6E4BCD9-23ED-40AE-9145-1C3ADD99AF9A}.Debug|Any CPU.Build.0 = Debug|Any CPU
		{F6E4BCD9-23ED-40AE-9145-1C3ADD99AF9A}.Release|Any CPU.ActiveCfg = Release|Any CPU
		{F6E4BCD9-23ED-40AE-9145-1C3ADD99AF9A}.Release|Any CPU.Build.0 = Release|Any CPU
		{FC5C0F5D-6DC6-4C46-94CA-4C616D06BE0B}.Debug|Any CPU.ActiveCfg = Debug|Any CPU
		{FC5C0F5D-6DC6-4C46-94CA-4C616D06BE0B}.Debug|Any CPU.Build.0 = Debug|Any CPU
		{FC5C0F5D-6DC6-4C46-94CA-4C616D06BE0B}.Release|Any CPU.ActiveCfg = Release|Any CPU
		{FC5C0F5D-6DC6-4C46-94CA-4C616D06BE0B}.Release|Any CPU.Build.0 = Release|Any CPU
	EndGlobalSection
EndGlobal
