
Microsoft Visual Studio Solution File, Format Version 12.00
# Visual Studio Version 16
VisualStudioVersion = 16.0.30611.23
MinimumVisualStudioVersion = 10.0.40219.1
Project("{FAE04EC0-301F-11D3-BF4B-00C04F79EFBC}") = "RapidGuestRegistration.Ui", "RapidGuestRegistration.Ui.csproj", "{C71AF486-7A57-42D4-8132-E21E84B8CF0E}"
EndProject
Global
	GlobalSection(SolutionConfigurationPlatforms) = preSolution
		Debug|Any CPU = Debug|Any CPU
		Release|Any CPU = Release|Any CPU
	EndGlobalSection
	GlobalSection(ProjectConfigurationPlatforms) = postSolution
		{C71AF486-7A57-42D4-8132-E21E84B8CF0E}.Debug|Any CPU.ActiveCfg = Debug|Any CPU
		{C71AF486-7A57-42D4-8132-E21E84B8CF0E}.Debug|Any CPU.Build.0 = Debug|Any CPU
		{C71AF486-7A57-42D4-8132-E21E84B8CF0E}.Release|Any CPU.ActiveCfg = Release|Any CPU
		{C71AF486-7A57-42D4-8132-E21E84B8CF0E}.Release|Any CPU.Build.0 = Release|Any CPU
	EndGlobalSection
	GlobalSection(SolutionProperties) = preSolution
		HideSolutionNode = FALSE
	EndGlobalSection
	GlobalSection(ExtensibilityGlobals) = postSolution
		SolutionGuid = {BA385231-02FA-42D9-9B24-4AC3496DA490}
	EndGlobalSection
EndGlobal
